
Microsoft Visual Studio Solution File, Format Version 12.00
# Visual Studio Version 17
VisualStudioVersion = 17.2.32519.379
MinimumVisualStudioVersion = 10.0.40219.1
Project("{FAE04EC0-301F-11D3-BF4B-00C04F79EFBC}") = "WpfMahAppTest", "WpfMahAppTest.csproj", "{B41A332F-31DA-4203-B380-B309A1B474B4}"
EndProject
Global
	GlobalSection(SolutionConfigurationPlatforms) = preSolution
		Debug|Any CPU = Debug|Any CPU
		Release|Any CPU = Release|Any CPU
	EndGlobalSection
	GlobalSection(ProjectConfigurationPlatforms) = postSolution
		{B41A332F-31DA-4203-B380-B309A1B474B4}.Debug|Any CPU.ActiveCfg = Debug|Any CPU
		{B41A332F-31DA-4203-B380-B309A1B474B4}.Debug|Any CPU.Build.0 = Debug|Any CPU
		{B41A332F-31DA-4203-B380-B309A1B474B4}.Release|Any CPU.ActiveCfg = Release|Any CPU
		{B41A332F-31DA-4203-B380-B309A1B474B4}.Release|Any CPU.Build.0 = Release|Any CPU
	EndGlobalSection
	GlobalSection(SolutionProperties) = preSolution
		HideSolutionNode = FALSE
	EndGlobalSection
	GlobalSection(ExtensibilityGlobals) = postSolution
		SolutionGuid = {9A00D5EA-93D6-4233-8BA6-A01AC7691675}
	EndGlobalSection
EndGlobal
